# This file is generated by running "yarn install" inside your project.
# Manual changes might be lost - proceed with caution!

__metadata:
  version: 8
  cacheKey: 10c0

"@octokit/auth-token@npm:^6.0.0":
  version: 6.0.0
  resolution: "@octokit/auth-token@npm:6.0.0"
  checksum: 10c0/32ecc904c5f6f4e5d090bfcc679d70318690c0a0b5040cd9a25811ad9dcd44c33f2cf96b6dbee1cd56cf58fde28fb1819c01b58718aa5c971f79c822357cb5c0
  languageName: node
  linkType: hard

"@octokit/core@npm:^7.0.6":
  version: 7.0.6
  resolution: "@octokit/core@npm:7.0.6"
  dependencies:
    "@octokit/auth-token": "npm:^6.0.0"
    "@octokit/graphql": "npm:^9.0.3"
    "@octokit/request": "npm:^10.0.6"
    "@octokit/request-error": "npm:^7.0.2"
    "@octokit/types": "npm:^16.0.0"
    before-after-hook: "npm:^4.0.0"
    universal-user-agent: "npm:^7.0.0"
  checksum: 10c0/95a328ff7c7223d9eb4aa778c63171828514ae0e0f588d33beb81a4dc03bbeae055382f6060ce23c979ab46272409942ff2cf3172109999e48429c47055b1fbe
  languageName: node
  linkType: hard

"@octokit/endpoint@npm:^11.0.3":
  version: 11.0.3
  resolution: "@octokit/endpoint@npm:11.0.3"
  dependencies:
    "@octokit/types": "npm:^16.0.0"
    universal-user-agent: "npm:^7.0.2"
  checksum: 10c0/3f9b67e6923ece5009aebb0dcbae5837fb574bc422561424049a43ead7fea6f132234edb72239d6ec067cf734937a608e4081af81c109de2cb754528f0d00520
  languageName: node
  linkType: hard

"@octokit/graphql@npm:^9.0.3":
  version: 9.0.3
  resolution: "@octokit/graphql@npm:9.0.3"
  dependencies:
    "@octokit/request": "npm:^10.0.6"
    "@octokit/types": "npm:^16.0.0"
    universal-user-agent: "npm:^7.0.0"
  checksum: 10c0/58588d3fb2834f64244fa5376ca7922a30117b001b621e141fab0d52806370803ab0c046ac99b120fa5f45b770f52a815157fb6ffc147fc6c1da4047c1f1af49
  languageName: node
  linkType: hard

"@octokit/openapi-types@npm:^27.0.0":
  version: 27.0.0
  resolution: "@octokit/openapi-types@npm:27.0.0"
  checksum: 10c0/602d1de033da180a2e982cdbd3646bd5b2e16ecf36b9955a0f23e37ae9e6cb086abb48ff2ae6f2de000fce03e8ae9051794611ae4a95a8f5f6fb63276e7b8e31
  languageName: node
  linkType: hard

"@octokit/plugin-paginate-rest@npm:^14.0.0":
  version: 14.0.0
  resolution: "@octokit/plugin-paginate-rest@npm:14.0.0"
  dependencies:
    "@octokit/types": "npm:^16.0.0"
  peerDependencies:
    "@octokit/core": ">=6"
  checksum: 10c0/841d79d4ccfe18fc809a4a67529b75c1dcdda13399bf4bf5b48ce7559c8b4b2cd422e3204bad4cbdea31c0cf0943521067415268e5bcfc615a3b813e058cad6b
  languageName: node
  linkType: hard

"@octokit/plugin-request-log@npm:^6.0.0":
  version: 6.0.0
  resolution: "@octokit/plugin-request-log@npm:6.0.0"
  peerDependencies:
    "@octokit/core": ">=6"
  checksum: 10c0/40e46ad0c77235742d0bf698ab4e17df1ae06e0d7824ffc5867ed71e27de860875adb73d89629b823fe8647459a8f262c26ed1aa6ee374873fa94095f37df0bb
  languageName: node
  linkType: hard

"@octokit/plugin-rest-endpoint-methods@npm:^17.0.0":
  version: 17.0.0
  resolution: "@octokit/plugin-rest-endpoint-methods@npm:17.0.0"
  dependencies:
    "@octokit/types": "npm:^16.0.0"
  peerDependencies:
    "@octokit/core": ">=6"
  checksum: 10c0/cf9984d7cf6a36ff7ff1b86078ae45fe246e3df10fcef0bccf20c8cfd27bf5e7d98dcb9cf5a7b56332b9c6fa30be28d159c2987d272a4758f77056903d94402f
  languageName: node
  linkType: hard

"@octokit/request-error@npm:^7.0.2":
  version: 7.1.0
  resolution: "@octokit/request-error@npm:7.1.0"
  dependencies:
    "@octokit/types": "npm:^16.0.0"
  checksum: 10c0/62b90a54545c36a30b5ffdda42e302c751be184d85b68ffc7f1242c51d7ca54dbd185b7d0027b491991776923a910c85c9c51269fe0d86111bac187507a5abc4
  languageName: node
  linkType: hard

"@octokit/request@npm:^10.0.6":
  version: 10.0.8
  resolution: "@octokit/request@npm:10.0.8"
  dependencies:
    "@octokit/endpoint": "npm:^11.0.3"
    "@octokit/request-error": "npm:^7.0.2"
    "@octokit/types": "npm:^16.0.0"
    fast-content-type-parse: "npm:^3.0.0"
    json-with-bigint: "npm:^3.5.3"
    universal-user-agent: "npm:^7.0.2"
  checksum: 10c0/7ee384dbeb489d4e00856eeaaf6a70060c61b036919c539809c3288e2ba14b8f3f63a5b16b8d5b7fdc93d7b6fa5c45bc3d181a712031279f6e192f019e52d7fe
  languageName: node
  linkType: hard

"@octokit/rest@npm:^22.0.1":
  version: 22.0.1
  resolution: "@octokit/rest@npm:22.0.1"
  dependencies:
    "@octokit/core": "npm:^7.0.6"
    "@octokit/plugin-paginate-rest": "npm:^14.0.0"
    "@octokit/plugin-request-log": "npm:^6.0.0"
    "@octokit/plugin-rest-endpoint-methods": "npm:^17.0.0"
  checksum: 10c0/f3abd84e887cc837973214ce70720a9bba53f5575f40601c6122aa25206e9055d859c0388437f0a137f6cd0e4ff405e1b46b903475b0db32a17bada0c6513d5b
  languageName: node
  linkType: hard

"@octokit/types@npm:^16.0.0":
  version: 16.0.0
  resolution: "@octokit/types@npm:16.0.0"
  dependencies:
    "@octokit/openapi-types": "npm:^27.0.0"
  checksum: 10c0/b8d41098ba6fc194d13d641f9441347e3a3b96c0efabac0e14f57319340a2d4d1c8676e4cb37ab3062c5c323c617e790b0126916e9bf7b201b0cced0826f8ae2
  languageName: node
  linkType: hard

"before-after-hook@npm:^4.0.0":
  version: 4.0.0
  resolution: "before-after-hook@npm:4.0.0"
  checksum: 10c0/9f8ae8d1b06142bcfb9ef6625226b5e50348bb11210f266660eddcf9734e0db6f9afc4cb48397ee3f5ac0a3728f3ae401cdeea88413f7bed748a71db84657be2
  languageName: node
  linkType: hard

"fast-content-type-parse@npm:^3.0.0":
  version: 3.0.0
  resolution: "fast-content-type-parse@npm:3.0.0"
  checksum: 10c0/06251880c83b7118af3a5e66e8bcee60d44f48b39396fc60acc2b4630bd5f3e77552b999b5c8e943d45a818854360e5e97164c374ec4b562b4df96a2cdf2e188
  languageName: node
  linkType: hard

"github-beautiful-actions@workspace:.":
  version: 0.0.0-use.local
  resolution: "github-beautiful-actions@workspace:."
  dependencies:
    "@octokit/rest": "npm:^22.0.1"
  languageName: unknown
  linkType: soft

"json-with-bigint@npm:^3.5.3":
  version: 3.5.3
  resolution: "json-with-bigint@npm:3.5.3"
  checksum: 10c0/df102e21ae8f54e48d77bbed0d67ac00527910a0d1fed5d3e2def0f7fe63277ff3202a449cc9c8bdb73298d97ae2784d5181f80d91866ad5c9dab59c0336d56e
  languageName: node
  linkType: hard

"universal-user-agent@npm:^7.0.0, universal-user-agent@npm:^7.0.2":
  version: 7.0.3
  resolution: "universal-user-agent@npm:7.0.3"
  checksum: 10c0/6043be466a9bb96c0ce82392842d9fddf4c37e296f7bacc2cb25f47123990eb436c82df824644f9c5070a94dbdb117be17f66d54599ab143648ec57ef93dbcc8
  languageName: node
  linkType: hard
